// !$*UTF8*$!
{
	archiveVersion = 1;
	classes = {
	};
	objectVersion = 46;
	objects = {

/* Begin PBXBuildFile section */
		3485725314238AD400B43EC2 /* UIKit.framework in Frameworks */ = {isa = PBXBuildFile; fileRef = 3485725214238AD400B43EC2 /* UIKit.framework */; };
		3485725514238AD400B43EC2 /* Foundation.framework in Frameworks */ = {isa = PBXBuildFile; fileRef = 3485725414238AD400B43EC2 /* Foundation.framework */; };
		3485725714238AD400B43EC2 /* CoreGraphics.framework in Frameworks */ = {isa = PBXBuildFile; fileRef = 3485725614238AD400B43EC2 /* CoreGraphics.framework */; };
		3485725D14238AD400B43EC2 /* InfoPlist.strings in Resources */ = {isa = PBXBuildFile; fileRef = 3485725B14238AD400B43EC2 /* InfoPlist.strings */; };
		3485725F14238AD400B43EC2 /* main.m in Sources */ = {isa = PBXBuildFile; fileRef = 3485725E14238AD400B43EC2 /* main.m */; };
		3485726314238AD400B43EC2 /* localizeQrAppDelegate.m in Sources */ = {isa = PBXBuildFile; fileRef = 3485726214238AD400B43EC2 /* localizeQrAppDelegate.m */; };
		3485726614238AD400B43EC2 /* MainWindow.xib in Resources */ = {isa = PBXBuildFile; fileRef = 3485726414238AD400B43EC2 /* MainWindow.xib */; };
		3485726914238AD400B43EC2 /* localizeQrViewController.m in Sources */ = {isa = PBXBuildFile; fileRef = 3485726814238AD400B43EC2 /* localizeQrViewController.m */; };
		3485726C14238AD400B43EC2 /* localizeQrViewController.xib in Resources */ = {isa = PBXBuildFile; fileRef = 3485726A14238AD400B43EC2 /* localizeQrViewController.xib */; };
		3485727314238B3F00B43EC2 /* README in Resources */ = {isa = PBXBuildFile; fileRef = 3485727214238B3F00B43EC2 /* README */; };
/* End PBXBuildFile section */

/* Begin PBXFileReference section */
		3485724E14238AD400B43EC2 /* localizeQr.app */ = {isa = PBXFileReference; explicitFileType = wrapper.application; includeInIndex = 0; path = localizeQr.app; sourceTree = BUILT_PRODUCTS_DIR; };
		3485725214238AD400B43EC2 /* UIKit.framework */ = {isa = PBXFileReference; lastKnownFileType = wrapper.framework; name = UIKit.framework; path = System/Library/Frameworks/UIKit.framework; sourceTree = SDKROOT; };
		3485725414238AD400B43EC2 /* Foundation.framework */ = {isa = PBXFileReference; lastKnownFileType = wrapper.framework; name = Foundation.framework; path = System/Library/Frameworks/Foundation.framework; sourceTree = SDKROOT; };
		3485725614238AD400B43EC2 /* CoreGraphics.framework */ = {isa = PBXFileReference; lastKnownFileType = wrapper.framework; name = CoreGraphics.framework; path = System/Library/Frameworks/CoreGraphics.framework; sourceTree = SDKROOT; };
		3485725A14238AD400B43EC2 /* localizeQr-Info.plist */ = {isa = PBXFileReference; lastKnownFileType = text.plist.xml; path = "localizeQr-Info.plist"; sourceTree = "<group>"; };
		3485725C14238AD400B43EC2 /* en */ = {isa = PBXFileReference; lastKnownFileType = text.plist.strings; name = en; path = en.lproj/InfoPlist.strings; sourceTree = "<group>"; };
		3485725E14238AD400B43EC2 /* main.m */ = {isa = PBXFileReference; lastKnownFileType = sourcecode.c.objc; path = main.m; sourceTree = "<group>"; };
		3485726014238AD400B43EC2 /* localizeQr-Prefix.pch */ = {isa = PBXFileReference; lastKnownFileType = sourcecode.c.h; path = "localizeQr-Prefix.pch"; sourceTree = "<group>"; };
		3485726114238AD400B43EC2 /* localizeQrAppDelegate.h */ = {isa = PBXFileReference; lastKnownFileType = sourcecode.c.h; path = localizeQrAppDelegate.h; sourceTree = "<group>"; };
		3485726214238AD400B43EC2 /* localizeQrAppDelegate.m */ = {isa = PBXFileReference; lastKnownFileType = sourcecode.c.objc; path = localizeQrAppDelegate.m; sourceTree = "<group>"; };
		3485726514238AD400B43EC2 /* en */ = {isa = PBXFileReference; lastKnownFileType = file.xib; name = en; path = en.lproj/MainWindow.xib; sourceTree = "<group>"; };
		3485726714238AD400B43EC2 /* localizeQrViewController.h */ = {isa = PBXFileReference; lastKnownFileType = sourcecode.c.h; path = localizeQrViewController.h; sourceTree = "<group>"; };
		3485726814238AD400B43EC2 /* localizeQrViewController.m */ = {isa = PBXFileReference; lastKnownFileType = sourcecode.c.objc; path = localizeQrViewController.m; sourceTree = "<group>"; };
		3485726B14238AD400B43EC2 /* en */ = {isa = PBXFileReference; lastKnownFileType = file.xib; name = en; path = en.lproj/localizeQrViewController.xib; sourceTree = "<group>"; };
		3485727214238B3F00B43EC2 /* README */ = {isa = PBXFileReference; fileEncoding = 4; lastKnownFileType = text; path = README; sourceTree = "<group>"; };
/* End PBXFileReference section */

/* Begin PBXFrameworksBuildPhase section */
		3485724B14238AD400B43EC2 /* Frameworks */ = {
			isa = PBXFrameworksBuildPhase;
			buildActionMask = 2147483647;
			files = (
				3485725314238AD400B43EC2 /* UIKit.framework in Frameworks */,
				3485725514238AD400B43EC2 /* Foundation.framework in Frameworks */,
				3485725714238AD400B43EC2 /* CoreGraphics.framework in Frameworks */,
			);
			runOnlyForDeploymentPostprocessing = 0;
		};
/* End PBXFrameworksBuildPhase section */

/* Begin PBXGroup section */
		3485724314238AD400B43EC2 = {
			isa = PBXGroup;
			children = (
				3485727214238B3F00B43EC2 /* README */,
				3485725814238AD400B43EC2 /* localizeQr */,
				3485725114238AD400B43EC2 /* Frameworks */,
				3485724F14238AD400B43EC2 /* Products */,
			);
			sourceTree = "<group>";
		};
		3485724F14238AD400B43EC2 /* Products */ = {
			isa = PBXGroup;
			children = (
				3485724E14238AD400B43EC2 /* localizeQr.app */,
			);
			name = Products;
			sourceTree = "<group>";
		};
		3485725114238AD400B43EC2 /* Frameworks */ = {
			isa = PBXGroup;
			children = (
				3485725214238AD400B43EC2 /* UIKit.framework */,
				3485725414238AD400B43EC2 /* Foundation.framework */,
				3485725614238AD400B43EC2 /* CoreGraphics.framework */,
			);
			name = Frameworks;
			sourceTree = "<group>";
		};
		3485725814238AD400B43EC2 /* localizeQr */ = {
			isa = PBXGroup;
			children = (
				3485726114238AD400B43EC2 /* localizeQrAppDelegate.h */,
				3485726214238AD400B43EC2 /* localizeQrAppDelegate.m */,
				3485726414238AD400B43EC2 /* MainWindow.xib */,
				3485726714238AD400B43EC2 /* localizeQrViewController.h */,
				3485726814238AD400B43EC2 /* localizeQrViewController.m */,
				3485726A14238AD400B43EC2 /* localizeQrViewController.xib */,
				3485725914238AD400B43EC2 /* Supporting Files */,
			);
			path = localizeQr;
			sourceTree = "<group>";
		};
		3485725914238AD400B43EC2 /* Supporting Files */ = {
			isa = PBXGroup;
			children = (
				3485725A14238AD400B43EC2 /* localizeQr-Info.plist */,
				3485725B14238AD400B43EC2 /* InfoPlist.strings */,
				3485725E14238AD400B43EC2 /* main.m */,
				3485726014238AD400B43EC2 /* localizeQr-Prefix.pch */,
			);
			name = "Supporting Files";
			sourceTree = "<group>";
		};
/* End PBXGroup section */

/* Begin PBXNativeTarget section */
		3485724D14238AD400B43EC2 /* localizeQr */ = {
			isa = PBXNativeTarget;
			buildConfigurationList = 3485726F14238AD400B43EC2 /* Build configuration list for PBXNativeTarget "localizeQr" */;
			buildPhases = (
				3485724A14238AD400B43EC2 /* Sources */,
				3485724B14238AD400B43EC2 /* Frameworks */,
				3485724C14238AD400B43EC2 /* Resources */,
			);
			buildRules = (
			);
			dependencies = (
			);
			name = localizeQr;
			productName = localizeQr;
			productReference = 3485724E14238AD400B43EC2 /* localizeQr.app */;
			productType = "com.apple.product-type.application";
		};
/* End PBXNativeTarget section */

/* Begin PBXProject section */
		3485724514238AD400B43EC2 /* Project object */ = {
			isa = PBXProject;
			buildConfigurationList = 3485724814238AD400B43EC2 /* Build configuration list for PBXProject "localizeQr" */;
			compatibilityVersion = "Xcode 3.2";
			developmentRegion = English;
			hasScannedForEncodings = 0;
			knownRegions = (
				en,
			);
			mainGroup = 3485724314238AD400B43EC2;
			productRefGroup = 3485724F14238AD400B43EC2 /* Products */;
			projectDirPath = "";
			projectRoot = "";
			targets = (
				3485724D14238AD400B43EC2 /* localizeQr */,
			);
		};
/* End PBXProject section */

/* Begin PBXResourcesBuildPhase section */
		3485724C14238AD400B43EC2 /* Resources */ = {
			isa = PBXResourcesBuildPhase;
			buildActionMask = 2147483647;
			files = (
				3485725D14238AD400B43EC2 /* InfoPlist.strings in Resources */,
				3485726614238AD400B43EC2 /* MainWindow.xib in Resources */,
				3485726C14238AD400B43EC2 /* localizeQrViewController.xib in Resources */,
				3485727314238B3F00B43EC2 /* README in Resources */,
			);
			runOnlyForDeploymentPostprocessing = 0;
		};
/* End PBXResourcesBuildPhase section */

/* Begin PBXSourcesBuildPhase section */
		3485724A14238AD400B43EC2 /* Sources */ = {
			isa = PBXSourcesBuildPhase;
			buildActionMask = 2147483647;
			files = (
				3485725F14238AD400B43EC2 /* main.m in Sources */,
				3485726314238AD400B43EC2 /* localizeQrAppDelegate.m in Sources */,
				3485726914238AD400B43EC2 /* localizeQrViewController.m in Sources */,
			);
			runOnlyForDeploymentPostprocessing = 0;
		};
/* End PBXSourcesBuildPhase section */

/* Begin PBXVariantGroup section */
		3485725B14238AD400B43EC2 /* InfoPlist.strings */ = {
			isa = PBXVariantGroup;
			children = (
				3485725C14238AD400B43EC2 /* en */,
			);
			name = InfoPlist.strings;
			sourceTree = "<group>";
		};
		3485726414238AD400B43EC2 /* MainWindow.xib */ = {
			isa = PBXVariantGroup;
			children = (
				3485726514238AD400B43EC2 /* en */,
			);
			name = MainWindow.xib;
			sourceTree = "<group>";
		};
		3485726A14238AD400B43EC2 /* localizeQrViewController.xib */ = {
			isa = PBXVariantGroup;
			children = (
				3485726B14238AD400B43EC2 /* en */,
			);
			name = localizeQrViewController.xib;
			sourceTree = "<group>";
		};
/* End PBXVariantGroup section */

/* Begin XCBuildConfiguration section */
		3485726D14238AD400B43EC2 /* Debug */ = {
			isa = XCBuildConfiguration;
			buildSettings = {
				ALWAYS_SEARCH_USER_PATHS = NO;
				ARCHS = "$(ARCHS_STANDARD_32_BIT)";
				"CODE_SIGN_IDENTITY[sdk=iphoneos*]" = "iPhone Developer";
				COPY_PHASE_STRIP = NO;
				GCC_C_LANGUAGE_STANDARD = gnu99;
				GCC_DYNAMIC_NO_PIC = NO;
				GCC_OPTIMIZATION_LEVEL = 0;
				GCC_PREPROCESSOR_DEFINITIONS = (
					"DEBUG=1",
					"$(inherited)",
				);
				GCC_SYMBOLS_PRIVATE_EXTERN = NO;
				GCC_VERSION = com.apple.compilers.llvmgcc42;
				GCC_WARN_ABOUT_MISSING_PROTOTYPES = YES;
				GCC_WARN_ABOUT_RETURN_TYPE = YES;
				GCC_WARN_UNUSED_VARIABLE = YES;
				IPHONEOS_DEPLOYMENT_TARGET = 4.3;
				SDKROOT = iphoneos;
			};
			name = Debug;
		};
		3485726E14238AD400B43EC2 /* Release */ = {
			isa = XCBuildConfiguration;
			buildSettings = {
				ALWAYS_SEARCH_USER_PATHS = NO;
				ARCHS = "$(ARCHS_STANDARD_32_BIT)";
				"CODE_SIGN_IDENTITY[sdk=iphoneos*]" = "iPhone Developer";
				COPY_PHASE_STRIP = YES;
				GCC_C_LANGUAGE_STANDARD = gnu99;
				GCC_VERSION = com.apple.compilers.llvmgcc42;
				GCC_WARN_ABOUT_MISSING_PROTOTYPES = YES;
				GCC_WARN_ABOUT_RETURN_TYPE = YES;
				GCC_WARN_UNUSED_VARIABLE = YES;
				IPHONEOS_DEPLOYMENT_TARGET = 4.3;
				OTHER_CFLAGS = "-DNS_BLOCK_ASSERTIONS=1";
				SDKROOT = iphoneos;
				VALIDATE_PRODUCT = YES;
			};
			name = Release;
		};
		3485727014238AD400B43EC2 /* Debug */ = {
			isa = XCBuildConfiguration;
			buildSettings = {
				GCC_PRECOMPILE_PREFIX_HEADER = YES;
				GCC_PREFIX_HEADER = "localizeQr/localizeQr-Prefix.pch";
				INFOPLIST_FILE = "localizeQr/localizeQr-Info.plist";
				PRODUCT_NAME = "$(TARGET_NAME)";
				WRAPPER_EXTENSION = app;
			};
			name = Debug;
		};
		3485727114238AD400B43EC2 /* Release */ = {
			isa = XCBuildConfiguration;
			buildSettings = {
				GCC_PRECOMPILE_PREFIX_HEADER = YES;
				GCC_PREFIX_HEADER = "localizeQr/localizeQr-Prefix.pch";
				INFOPLIST_FILE = "localizeQr/localizeQr-Info.plist";
				PRODUCT_NAME = "$(TARGET_NAME)";
				WRAPPER_EXTENSION = app;
			};
			name = Release;
		};
/* End XCBuildConfiguration section */

/* Begin XCConfigurationList section */
		3485724814238AD400B43EC2 /* Build configuration list for PBXProject "localizeQr" */ = {
			isa = XCConfigurationList;
			buildConfigurations = (
				3485726D14238AD400B43EC2 /* Debug */,
				3485726E14238AD400B43EC2 /* Release */,
			);
			defaultConfigurationIsVisible = 0;
			defaultConfigurationName = Release;
		};
		3485726F14238AD400B43EC2 /* Build configuration list for PBXNativeTarget "localizeQr" */ = {
			isa = XCConfigurationList;
			buildConfigurations = (
				3485727014238AD400B43EC2 /* Debug */,
				3485727114238AD400B43EC2 /* Release */,
			);
			defaultConfigurationIsVisible = 0;
		};
/* End XCConfigurationList section */
	};
	rootObject = 3485724514238AD400B43EC2 /* Project object */;
}
